
Microsoft Visual Studio Solution File, Format Version 12.00
# Visual Studio Version 16
VisualStudioVersion = 16.0.31729.503
MinimumVisualStudioVersion = 10.0.40219.1
Project("{9A19103F-16F7-4668-BE54-9A1E7A4F7556}") = "_1_Variables", "_1_Variables\_1_Variables.csproj", "{B4E6733D-39F3-43F7-B937-1EA69079CF59}"
EndProject
Project("{9A19103F-16F7-4668-BE54-9A1E7A4F7556}") = "_2_TypeCasting", "_2_TypeCasting\_2_TypeCasting.csproj", "{25809EB9-B255-4F67-B846-6B9D43D0F1B3}"
EndProject
Project("{9A19103F-16F7-4668-BE54-9A1E7A4F7556}") = "_3_TypeConvert", "_3_TypeConvert\_3_TypeConvert.csproj", "{C47EC1FB-1ACE-4D42-B43E-3A82F6781FF1}"
EndProject
Project("{9A19103F-16F7-4668-BE54-9A1E7A4F7556}") = "_4_Operators", "_4_Operators\_4_Operators.csproj", "{29BBE915-145D-4F91-9F77-344BD2991C6C}"
EndProject
Project("{9A19103F-16F7-4668-BE54-9A1E7A4F7556}") = "_5_App", "5_App\_5_App.csproj", "{C444B6A0-34C2-4481-A541-4D8B32BBCF67}"
EndProject
Project("{9A19103F-16F7-4668-BE54-9A1E7A4F7556}") = "_5_App1", "_6_App1\_5_App1.csproj", "{316B8CB6-D607-4DA3-B650-522F6F7E36A2}"
EndProject
Project("{9A19103F-16F7-4668-BE54-9A1E7A4F7556}") = "_5_App2", "_5_App2\_5_App2.csproj", "{B2CFA34F-B300-4ADB-A0C6-1329F9FE0FB8}"
EndProject
Project("{9A19103F-16F7-4668-BE54-9A1E7A4F7556}") = "_6_Condition_if", "_6_Condition_if\_6_Condition_if.csproj", "{49A2E5B2-C0B1-4188-82B2-91E9ACECBA72}"
EndProject
Project("{9A19103F-16F7-4668-BE54-9A1E7A4F7556}") = "_6_Condition_ifElse", "_6_Condition_IfElse\_6_Condition_ifElse.csproj", "{D635051D-BF9B-47D7-9C33-D1869482B1A8}"
EndProject
Project("{9A19103F-16F7-4668-BE54-9A1E7A4F7556}") = "_6_Condition_ifElse1", "_6_Condition_ifElse1\_6_Condition_ifElse1.csproj", "{F97A3EB0-7F64-4985-943A-ADC3B1FD5854}"
EndProject
Project("{9A19103F-16F7-4668-BE54-9A1E7A4F7556}") = "_6_Condition_if_Else_Elseif", "_Condition_if_Else_Elseif\_6_Condition_if_Else_Elseif.csproj", "{59F0251B-B66C-4AF8-A3FA-9AD331540CC7}"
EndProject
Project("{9A19103F-16F7-4668-BE54-9A1E7A4F7556}") = "_6_Condition_ifOrn", "_6_Condition_ifOrn\_6_Condition_ifOrn.csproj", "{528F65A9-ED6A-43C4-B1ED-23BC7892DED9}"
EndProject
Project("{9A19103F-16F7-4668-BE54-9A1E7A4F7556}") = "_7_SwitchCase", "_7_SwitchCase\_7_SwitchCase.csproj", "{23015834-824D-425E-B4CB-7F7CDC773062}"
EndProject
Project("{9A19103F-16F7-4668-BE54-9A1E7A4F7556}") = "_7_SwitchCaseOrnek", "_7_SwitchCaseOrnek\_7_SwitchCaseOrnek.csproj", "{1E465584-4037-4997-B6A7-C5E2A9E5C94B}"
EndProject
Project("{9A19103F-16F7-4668-BE54-9A1E7A4F7556}") = "_7_SwitchCaseOrnek1", "_7_SwitchCaseOrnek1\_7_SwitchCaseOrnek1.csproj", "{A8ED3FB9-7F81-4420-9F8B-22C6E8455087}"
EndProject
Project("{9A19103F-16F7-4668-BE54-9A1E7A4F7556}") = "_8_Loops", "_8_Loops\_8_Loops.csproj", "{870DD7C5-D4AC-4224-AEB2-33C93D09EE81}"
EndProject
Project("{9A19103F-16F7-4668-BE54-9A1E7A4F7556}") = "_8_Loops_Ornek1", "_8_Loops_Ornek1\_8_Loops_Ornek1.csproj", "{F8878144-787B-482C-BA49-E95BA7C578AD}"
EndProject
Project("{9A19103F-16F7-4668-BE54-9A1E7A4F7556}") = "_8_Loops_Ornek2", "_8_Loops_Ornek2\_8_Loops_Ornek2.csproj", "{097A35D5-F89F-4B71-9116-9D8C619EFD9E}"
EndProject
Project("{9A19103F-16F7-4668-BE54-9A1E7A4F7556}") = "_8_Loops_Ornek3", "_8_Loops_Ornek3\_8_Loops_Ornek3.csproj", "{3805405A-1283-4366-BF8C-BF7F0761B857}"
EndProject
Project("{9A19103F-16F7-4668-BE54-9A1E7A4F7556}") = "_8_Loops_Ornek4", "_8_Loops_Ornek4\_8_Loops_Ornek4.csproj", "{CBEDE433-FE68-4556-A7D2-C504EB37CBCD}"
EndProject
Project("{9A19103F-16F7-4668-BE54-9A1E7A4F7556}") = "_8_Loops_Ornek5", "_8_Loops_Ornek5\_8_Loops_Ornek5.csproj", "{E666CE19-40BF-412A-BE34-8EE08BCCC2B9}"
EndProject
Project("{9A19103F-16F7-4668-BE54-9A1E7A4F7556}") = "_8_Loops_Ornek6", "_8_Loops_Ornek6\_8_Loops_Ornek6.csproj", "{549985FD-F209-4B58-AC27-4D477060BA70}"
EndProject
Project("{9A19103F-16F7-4668-BE54-9A1E7A4F7556}") = "_8_Loops_Ornek7", "_8_Loops_Ornek7\_8_Loops_Ornek7.csproj", "{4B4CFB3F-1D2B-4F68-A3D4-5D8A1FEBA413}"
EndProject
Project("{9A19103F-16F7-4668-BE54-9A1E7A4F7556}") = "_8_Loops_Ornek8", "_8_Loops_Ornek8\_8_Loops_Ornek8.csproj", "{9DCDFB60-C59B-4BDD-8D18-EA705B39EB90}"
EndProject
Project("{9A19103F-16F7-4668-BE54-9A1E7A4F7556}") = "_9_Arrays", "_9_Arrays\_9_Arrays.csproj", "{3644665D-1190-4262-8C8D-C6F5CED9186A}"
EndProject
Project("{9A19103F-16F7-4668-BE54-9A1E7A4F7556}") = "_9_Arrays_Ornek1", "_10_Arrays_Ornek1\_9_Arrays_Ornek1.csproj", "{ED0DEAAD-BECD-4C94-BA5E-C2BB795D0161}"
EndProject
Project("{9A19103F-16F7-4668-BE54-9A1E7A4F7556}") = "_9_Arrays1", "_9_Arrays1\_9_Arrays1.csproj", "{1C38E689-B82E-4C39-8EFA-759A9BB07628}"
EndProject
Project("{FAE04EC0-301F-11D3-BF4B-00C04F79EFBC}") = "_9_Arrays2", "_9_Arrays2\_9_Arrays2.csproj", "{C85C6D83-F6CF-4641-94E5-19C8BA0CE851}"
EndProject
Project("{FAE04EC0-301F-11D3-BF4B-00C04F79EFBC}") = "_9_Arrays3", "_9_Arrays3\_9_Arrays3.csproj", "{BD7EA2D2-3A77-457D-8D7A-7EA8BB25BF01}"
EndProject
Project("{FAE04EC0-301F-11D3-BF4B-00C04F79EFBC}") = "_9_Arrays4", "_9_Arrays4\_9_Arrays4.csproj", "{72DFB4AE-94FD-4F7E-8E59-7B40F84C3188}"
EndProject
Project("{FAE04EC0-301F-11D3-BF4B-00C04F79EFBC}") = "_9_Arrays5", "_9_Arrays5\_9_Arrays5.csproj", "{2032BB54-FA11-4302-B5E6-518556F49F94}"
EndProject
Project("{FAE04EC0-301F-11D3-BF4B-00C04F79EFBC}") = "_9_Arrays6", "9_Arrays6\_9_Arrays6.csproj", "{420A9E47-81C5-4ACB-B5F4-313C27DF82B6}"
EndProject
Project("{FAE04EC0-301F-11D3-BF4B-00C04F79EFBC}") = "_9_Arrays7", "_9_Arrays7\_9_Arrays7.csproj", "{CC8E15EC-B110-41BF-A89C-E5DFB0ADB63B}"
EndProject
Project("{FAE04EC0-301F-11D3-BF4B-00C04F79EFBC}") = "_9_Arrays8", "_9_Arrays8\_9_Arrays8.csproj", "{2F14B2A3-11A5-4E0B-B496-8DD307366E40}"
EndProject
Project("{FAE04EC0-301F-11D3-BF4B-00C04F79EFBC}") = "_9_Arrays9", "_9_Arrays9\_9_Arrays9.csproj", "{B84E2CA2-CC72-44EA-9E97-6E77E8854FC7}"
EndProject
Project("{FAE04EC0-301F-11D3-BF4B-00C04F79EFBC}") = "_9_String", "_9_String\_9_String.csproj", "{56968929-BFED-4B07-ABEF-A38DD63A4D66}"
EndProject
Project("{FAE04EC0-301F-11D3-BF4B-00C04F79EFBC}") = "_10_Methods", "_10_Methods\_10_Methods.csproj", "{E568EF0F-7DB8-4CE4-A512-CDC90A33283B}"
EndProject
Global
	GlobalSection(SolutionConfigurationPlatforms) = preSolution
		Debug|Any CPU = Debug|Any CPU
		Release|Any CPU = Release|Any CPU
	EndGlobalSection
	GlobalSection(ProjectConfigurationPlatforms) = postSolution
		{B4E6733D-39F3-43F7-B937-1EA69079CF59}.Debug|Any CPU.ActiveCfg = Debug|Any CPU
		{B4E6733D-39F3-43F7-B937-1EA69079CF59}.Debug|Any CPU.Build.0 = Debug|Any CPU
		{B4E6733D-39F3-43F7-B937-1EA69079CF59}.Release|Any CPU.ActiveCfg = Release|Any CPU
		{B4E6733D-39F3-43F7-B937-1EA69079CF59}.Release|Any CPU.Build.0 = Release|Any CPU
		{25809EB9-B255-4F67-B846-6B9D43D0F1B3}.Debug|Any CPU.ActiveCfg = Debug|Any CPU
		{25809EB9-B255-4F67-B846-6B9D43D0F1B3}.Debug|Any CPU.Build.0 = Debug|Any CPU
		{25809EB9-B255-4F67-B846-6B9D43D0F1B3}.Release|Any CPU.ActiveCfg = Release|Any CPU
		{25809EB9-B255-4F67-B846-6B9D43D0F1B3}.Release|Any CPU.Build.0 = Release|Any CPU
		{C47EC1FB-1ACE-4D42-B43E-3A82F6781FF1}.Debug|Any CPU.ActiveCfg = Debug|Any CPU
		{C47EC1FB-1ACE-4D42-B43E-3A82F6781FF1}.Debug|Any CPU.Build.0 = Debug|Any CPU
		{C47EC1FB-1ACE-4D42-B43E-3A82F6781FF1}.Release|Any CPU.ActiveCfg = Release|Any CPU
		{C47EC1FB-1ACE-4D42-B43E-3A82F6781FF1}.Release|Any CPU.Build.0 = Release|Any CPU
		{29BBE915-145D-4F91-9F77-344BD2991C6C}.Debug|Any CPU.ActiveCfg = Debug|Any CPU
		{29BBE915-145D-4F91-9F77-344BD2991C6C}.Debug|Any CPU.Build.0 = Debug|Any CPU
		{29BBE915-145D-4F91-9F77-344BD2991C6C}.Release|Any CPU.ActiveCfg = Release|Any CPU
		{29BBE915-145D-4F91-9F77-344BD2991C6C}.Release|Any CPU.Build.0 = Release|Any CPU
		{C444B6A0-34C2-4481-A541-4D8B32BBCF67}.Debug|Any CPU.ActiveCfg = Debug|Any CPU
		{C444B6A0-34C2-4481-A541-4D8B32BBCF67}.Debug|Any CPU.Build.0 = Debug|Any CPU
		{C444B6A0-34C2-4481-A541-4D8B32BBCF67}.Release|Any CPU.ActiveCfg = Release|Any CPU
		{C444B6A0-34C2-4481-A541-4D8B32BBCF67}.Release|Any CPU.Build.0 = Release|Any CPU
		{316B8CB6-D607-4DA3-B650-522F6F7E36A2}.Debug|Any CPU.ActiveCfg = Debug|Any CPU
		{316B8CB6-D607-4DA3-B650-522F6F7E36A2}.Debug|Any CPU.Build.0 = Debug|Any CPU
		{316B8CB6-D607-4DA3-B650-522F6F7E36A2}.Release|Any CPU.ActiveCfg = Release|Any CPU
		{316B8CB6-D607-4DA3-B650-522F6F7E36A2}.Release|Any CPU.Build.0 = Release|Any CPU
		{B2CFA34F-B300-4ADB-A0C6-1329F9FE0FB8}.Debug|Any CPU.ActiveCfg = Debug|Any CPU
		{B2CFA34F-B300-4ADB-A0C6-1329F9FE0FB8}.Debug|Any CPU.Build.0 = Debug|Any CPU
		{B2CFA34F-B300-4ADB-A0C6-1329F9FE0FB8}.Release|Any CPU.ActiveCfg = Release|Any CPU
		{B2CFA34F-B300-4ADB-A0C6-1329F9FE0FB8}.Release|Any CPU.Build.0 = Release|Any CPU
		{49A2E5B2-C0B1-4188-82B2-91E9ACECBA72}.Debug|Any CPU.ActiveCfg = Debug|Any CPU
		{49A2E5B2-C0B1-4188-82B2-91E9ACECBA72}.Debug|Any CPU.Build.0 = Debug|Any CPU
		{49A2E5B2-C0B1-4188-82B2-91E9ACECBA72}.Release|Any CPU.ActiveCfg = Release|Any CPU
		{49A2E5B2-C0B1-4188-82B2-91E9ACECBA72}.Release|Any CPU.Build.0 = Release|Any CPU
		{D635051D-BF9B-47D7-9C33-D1869482B1A8}.Debug|Any CPU.ActiveCfg = Debug|Any CPU
		{D635051D-BF9B-47D7-9C33-D1869482B1A8}.Debug|Any CPU.Build.0 = Debug|Any CPU
		{D635051D-BF9B-47D7-9C33-D1869482B1A8}.Release|Any CPU.ActiveCfg = Release|Any CPU
		{D635051D-BF9B-47D7-9C33-D1869482B1A8}.Release|Any CPU.Build.0 = Release|Any CPU
		{F97A3EB0-7F64-4985-943A-ADC3B1FD5854}.Debug|Any CPU.ActiveCfg = Debug|Any CPU
		{F97A3EB0-7F64-4985-943A-ADC3B1FD5854}.Debug|Any CPU.Build.0 = Debug|Any CPU
		{F97A3EB0-7F64-4985-943A-ADC3B1FD5854}.Release|Any CPU.ActiveCfg = Release|Any CPU
		{F97A3EB0-7F64-4985-943A-ADC3B1FD5854}.Release|Any CPU.Build.0 = Release|Any CPU
		{59F0251B-B66C-4AF8-A3FA-9AD331540CC7}.Debug|Any CPU.ActiveCfg = Debug|Any CPU
		{59F0251B-B66C-4AF8-A3FA-9AD331540CC7}.Debug|Any CPU.Build.0 = Debug|Any CPU
		{59F0251B-B66C-4AF8-A3FA-9AD331540CC7}.Release|Any CPU.ActiveCfg = Release|Any CPU
		{59F0251B-B66C-4AF8-A3FA-9AD331540CC7}.Release|Any CPU.Build.0 = Release|Any CPU
		{528F65A9-ED6A-43C4-B1ED-23BC7892DED9}.Debug|Any CPU.ActiveCfg = Debug|Any CPU
		{528F65A9-ED6A-43C4-B1ED-23BC7892DED9}.Debug|Any CPU.Build.0 = Debug|Any CPU
		{528F65A9-ED6A-43C4-B1ED-23BC7892DED9}.Release|Any CPU.ActiveCfg = Release|Any CPU
		{528F65A9-ED6A-43C4-B1ED-23BC7892DED9}.Release|Any CPU.Build.0 = Release|Any CPU
		{23015834-824D-425E-B4CB-7F7CDC773062}.Debug|Any CPU.ActiveCfg = Debug|Any CPU
		{23015834-824D-425E-B4CB-7F7CDC773062}.Debug|Any CPU.Build.0 = Debug|Any CPU
		{23015834-824D-425E-B4CB-7F7CDC773062}.Release|Any CPU.ActiveCfg = Release|Any CPU
		{23015834-824D-425E-B4CB-7F7CDC773062}.Release|Any CPU.Build.0 = Release|Any CPU
		{1E465584-4037-4997-B6A7-C5E2A9E5C94B}.Debug|Any CPU.ActiveCfg = Debug|Any CPU
		{1E465584-4037-4997-B6A7-C5E2A9E5C94B}.Debug|Any CPU.Build.0 = Debug|Any CPU
		{1E465584-4037-4997-B6A7-C5E2A9E5C94B}.Release|Any CPU.ActiveCfg = Release|Any CPU
		{1E465584-4037-4997-B6A7-C5E2A9E5C94B}.Release|Any CPU.Build.0 = Release|Any CPU
		{A8ED3FB9-7F81-4420-9F8B-22C6E8455087}.Debug|Any CPU.ActiveCfg = Debug|Any CPU
		{A8ED3FB9-7F81-4420-9F8B-22C6E8455087}.Debug|Any CPU.Build.0 = Debug|Any CPU
		{A8ED3FB9-7F81-4420-9F8B-22C6E8455087}.Release|Any CPU.ActiveCfg = Release|Any CPU
		{A8ED3FB9-7F81-4420-9F8B-22C6E8455087}.Release|Any CPU.Build.0 = Release|Any CPU
		{870DD7C5-D4AC-4224-AEB2-33C93D09EE81}.Debug|Any CPU.ActiveCfg = Debug|Any CPU
		{870DD7C5-D4AC-4224-AEB2-33C93D09EE81}.Debug|Any CPU.Build.0 = Debug|Any CPU
		{870DD7C5-D4AC-4224-AEB2-33C93D09EE81}.Release|Any CPU.ActiveCfg = Release|Any CPU
		{870DD7C5-D4AC-4224-AEB2-33C93D09EE81}.Release|Any CPU.Build.0 = Release|Any CPU
		{F8878144-787B-482C-BA49-E95BA7C578AD}.Debug|Any CPU.ActiveCfg = Debug|Any CPU
		{F8878144-787B-482C-BA49-E95BA7C578AD}.Debug|Any CPU.Build.0 = Debug|Any CPU
		{F8878144-787B-482C-BA49-E95BA7C578AD}.Release|Any CPU.ActiveCfg = Release|Any CPU
		{F8878144-787B-482C-BA49-E95BA7C578AD}.Release|Any CPU.Build.0 = Release|Any CPU
		{097A35D5-F89F-4B71-9116-9D8C619EFD9E}.Debug|Any CPU.ActiveCfg = Debug|Any CPU
		{097A35D5-F89F-4B71-9116-9D8C619EFD9E}.Debug|Any CPU.Build.0 = Debug|Any CPU
		{097A35D5-F89F-4B71-9116-9D8C619EFD9E}.Release|Any CPU.ActiveCfg = Release|Any CPU
		{097A35D5-F89F-4B71-9116-9D8C619EFD9E}.Release|Any CPU.Build.0 = Release|Any CPU
		{3805405A-1283-4366-BF8C-BF7F0761B857}.Debug|Any CPU.ActiveCfg = Debug|Any CPU
		{3805405A-1283-4366-BF8C-BF7F0761B857}.Debug|Any CPU.Build.0 = Debug|Any CPU
		{3805405A-1283-4366-BF8C-BF7F0761B857}.Release|Any CPU.ActiveCfg = Release|Any CPU
		{3805405A-1283-4366-BF8C-BF7F0761B857}.Release|Any CPU.Build.0 = Release|Any CPU
		{CBEDE433-FE68-4556-A7D2-C504EB37CBCD}.Debug|Any CPU.ActiveCfg = Debug|Any CPU
		{CBEDE433-FE68-4556-A7D2-C504EB37CBCD}.Debug|Any CPU.Build.0 = Debug|Any CPU
		{CBEDE433-FE68-4556-A7D2-C504EB37CBCD}.Release|Any CPU.ActiveCfg = Release|Any CPU
		{CBEDE433-FE68-4556-A7D2-C504EB37CBCD}.Release|Any CPU.Build.0 = Release|Any CPU
		{E666CE19-40BF-412A-BE34-8EE08BCCC2B9}.Debug|Any CPU.ActiveCfg = Debug|Any CPU
		{E666CE19-40BF-412A-BE34-8EE08BCCC2B9}.Debug|Any CPU.Build.0 = Debug|Any CPU
		{E666CE19-40BF-412A-BE34-8EE08BCCC2B9}.Release|Any CPU.ActiveCfg = Release|Any CPU
		{E666CE19-40BF-412A-BE34-8EE08BCCC2B9}.Release|Any CPU.Build.0 = Release|Any CPU
		{549985FD-F209-4B58-AC27-4D477060BA70}.Debug|Any CPU.ActiveCfg = Debug|Any CPU
		{549985FD-F209-4B58-AC27-4D477060BA70}.Debug|Any CPU.Build.0 = Debug|Any CPU
		{549985FD-F209-4B58-AC27-4D477060BA70}.Release|Any CPU.ActiveCfg = Release|Any CPU
		{549985FD-F209-4B58-AC27-4D477060BA70}.Release|Any CPU.Build.0 = Release|Any CPU
		{4B4CFB3F-1D2B-4F68-A3D4-5D8A1FEBA413}.Debug|Any CPU.ActiveCfg = Debug|Any CPU
		{4B4CFB3F-1D2B-4F68-A3D4-5D8A1FEBA413}.Debug|Any CPU.Build.0 = Debug|Any CPU
		{4B4CFB3F-1D2B-4F68-A3D4-5D8A1FEBA413}.Release|Any CPU.ActiveCfg = Release|Any CPU
		{4B4CFB3F-1D2B-4F68-A3D4-5D8A1FEBA413}.Release|Any CPU.Build.0 = Release|Any CPU
		{9DCDFB60-C59B-4BDD-8D18-EA705B39EB90}.Debug|Any CPU.ActiveCfg = Debug|Any CPU
		{9DCDFB60-C59B-4BDD-8D18-EA705B39EB90}.Debug|Any CPU.Build.0 = Debug|Any CPU
		{9DCDFB60-C59B-4BDD-8D18-EA705B39EB90}.Release|Any CPU.ActiveCfg = Release|Any CPU
		{9DCDFB60-C59B-4BDD-8D18-EA705B39EB90}.Release|Any CPU.Build.0 = Release|Any CPU
		{3644665D-1190-4262-8C8D-C6F5CED9186A}.Debug|Any CPU.ActiveCfg = Debug|Any CPU
		{3644665D-1190-4262-8C8D-C6F5CED9186A}.Debug|Any CPU.Build.0 = Debug|Any CPU
		{3644665D-1190-4262-8C8D-C6F5CED9186A}.Release|Any CPU.ActiveCfg = Release|Any CPU
		{3644665D-1190-4262-8C8D-C6F5CED9186A}.Release|Any CPU.Build.0 = Release|Any CPU
		{ED0DEAAD-BECD-4C94-BA5E-C2BB795D0161}.Debug|Any CPU.ActiveCfg = Debug|Any CPU
		{ED0DEAAD-BECD-4C94-BA5E-C2BB795D0161}.Debug|Any CPU.Build.0 = Debug|Any CPU
		{ED0DEAAD-BECD-4C94-BA5E-C2BB795D0161}.Release|Any CPU.ActiveCfg = Release|Any CPU
		{ED0DEAAD-BECD-4C94-BA5E-C2BB795D0161}.Release|Any CPU.Build.0 = Release|Any CPU
		{1C38E689-B82E-4C39-8EFA-759A9BB07628}.Debug|Any CPU.ActiveCfg = Debug|Any CPU
		{1C38E689-B82E-4C39-8EFA-759A9BB07628}.Debug|Any CPU.Build.0 = Debug|Any CPU
		{1C38E689-B82E-4C39-8EFA-759A9BB07628}.Release|Any CPU.ActiveCfg = Release|Any CPU
		{1C38E689-B82E-4C39-8EFA-759A9BB07628}.Release|Any CPU.Build.0 = Release|Any CPU
		{C85C6D83-F6CF-4641-94E5-19C8BA0CE851}.Debug|Any CPU.ActiveCfg = Debug|Any CPU
		{C85C6D83-F6CF-4641-94E5-19C8BA0CE851}.Debug|Any CPU.Build.0 = Debug|Any CPU
		{C85C6D83-F6CF-4641-94E5-19C8BA0CE851}.Release|Any CPU.ActiveCfg = Release|Any CPU
		{C85C6D83-F6CF-4641-94E5-19C8BA0CE851}.Release|Any CPU.Build.0 = Release|Any CPU
		{BD7EA2D2-3A77-457D-8D7A-7EA8BB25BF01}.Debug|Any CPU.ActiveCfg = Debug|Any CPU
		{BD7EA2D2-3A77-457D-8D7A-7EA8BB25BF01}.Debug|Any CPU.Build.0 = Debug|Any CPU
		{BD7EA2D2-3A77-457D-8D7A-7EA8BB25BF01}.Release|Any CPU.ActiveCfg = Release|Any CPU
		{BD7EA2D2-3A77-457D-8D7A-7EA8BB25BF01}.Release|Any CPU.Build.0 = Release|Any CPU
		{72DFB4AE-94FD-4F7E-8E59-7B40F84C3188}.Debug|Any CPU.ActiveCfg = Debug|Any CPU
		{72DFB4AE-94FD-4F7E-8E59-7B40F84C3188}.Debug|Any CPU.Build.0 = Debug|Any CPU
		{72DFB4AE-94FD-4F7E-8E59-7B40F84C3188}.Release|Any CPU.ActiveCfg = Release|Any CPU
		{72DFB4AE-94FD-4F7E-8E59-7B40F84C3188}.Release|Any CPU.Build.0 = Release|Any CPU
		{2032BB54-FA11-4302-B5E6-518556F49F94}.Debug|Any CPU.ActiveCfg = Debug|Any CPU
		{2032BB54-FA11-4302-B5E6-518556F49F94}.Debug|Any CPU.Build.0 = Debug|Any CPU
		{2032BB54-FA11-4302-B5E6-518556F49F94}.Release|Any CPU.ActiveCfg = Release|Any CPU
		{2032BB54-FA11-4302-B5E6-518556F49F94}.Release|Any CPU.Build.0 = Release|Any CPU
		{420A9E47-81C5-4ACB-B5F4-313C27DF82B6}.Debug|Any CPU.ActiveCfg = Debug|Any CPU
		{420A9E47-81C5-4ACB-B5F4-313C27DF82B6}.Debug|Any CPU.Build.0 = Debug|Any CPU
		{420A9E47-81C5-4ACB-B5F4-313C27DF82B6}.Release|Any CPU.ActiveCfg = Release|Any CPU
		{420A9E47-81C5-4ACB-B5F4-313C27DF82B6}.Release|Any CPU.Build.0 = Release|Any CPU
		{CC8E15EC-B110-41BF-A89C-E5DFB0ADB63B}.Debug|Any CPU.ActiveCfg = Debug|Any CPU
		{CC8E15EC-B110-41BF-A89C-E5DFB0ADB63B}.Debug|Any CPU.Build.0 = Debug|Any CPU
		{CC8E15EC-B110-41BF-A89C-E5DFB0ADB63B}.Release|Any CPU.ActiveCfg = Release|Any CPU
		{CC8E15EC-B110-41BF-A89C-E5DFB0ADB63B}.Release|Any CPU.Build.0 = Release|Any CPU
		{2F14B2A3-11A5-4E0B-B496-8DD307366E40}.Debug|Any CPU.ActiveCfg = Debug|Any CPU
		{2F14B2A3-11A5-4E0B-B496-8DD307366E40}.Debug|Any CPU.Build.0 = Debug|Any CPU
		{2F14B2A3-11A5-4E0B-B496-8DD307366E40}.Release|Any CPU.ActiveCfg = Release|Any CPU
		{2F14B2A3-11A5-4E0B-B496-8DD307366E40}.Release|Any CPU.Build.0 = Release|Any CPU
		{B84E2CA2-CC72-44EA-9E97-6E77E8854FC7}.Debug|Any CPU.ActiveCfg = Debug|Any CPU
		{B84E2CA2-CC72-44EA-9E97-6E77E8854FC7}.Debug|Any CPU.Build.0 = Debug|Any CPU
		{B84E2CA2-CC72-44EA-9E97-6E77E8854FC7}.Release|Any CPU.ActiveCfg = Release|Any CPU
		{B84E2CA2-CC72-44EA-9E97-6E77E8854FC7}.Release|Any CPU.Build.0 = Release|Any CPU
		{56968929-BFED-4B07-ABEF-A38DD63A4D66}.Debug|Any CPU.ActiveCfg = Debug|Any CPU
		{56968929-BFED-4B07-ABEF-A38DD63A4D66}.Debug|Any CPU.Build.0 = Debug|Any CPU
		{56968929-BFED-4B07-ABEF-A38DD63A4D66}.Release|Any CPU.ActiveCfg = Release|Any CPU
		{56968929-BFED-4B07-ABEF-A38DD63A4D66}.Release|Any CPU.Build.0 = Release|Any CPU
		{E568EF0F-7DB8-4CE4-A512-CDC90A33283B}.Debug|Any CPU.ActiveCfg = Debug|Any CPU
		{E568EF0F-7DB8-4CE4-A512-CDC90A33283B}.Debug|Any CPU.Build.0 = Debug|Any CPU
		{E568EF0F-7DB8-4CE4-A512-CDC90A33283B}.Release|Any CPU.ActiveCfg = Release|Any CPU
		{E568EF0F-7DB8-4CE4-A512-CDC90A33283B}.Release|Any CPU.Build.0 = Release|Any CPU
	EndGlobalSection
	GlobalSection(SolutionProperties) = preSolution
		HideSolutionNode = FALSE
	EndGlobalSection
	GlobalSection(ExtensibilityGlobals) = postSolution
		SolutionGuid = {591A50A4-7AC9-430C-BEAE-FC8C08FDB779}
	EndGlobalSection
EndGlobal
